// !$*UTF8*$!
{
	archiveVersion = 1;
	classes = {
	};
	objectVersion = 77;
	objects = {

/* Begin PBXBuildFile section */
		18B51B742E33383D00203D19 /* Alamofire in Frameworks */ = {isa = PBXBuildFile; productRef = 18B51B732E33383D00203D19 /* Alamofire */; };
		18B51B762E33383D00203D19 /* AlamofireDynamic in Frameworks */ = {isa = PBXBuildFile; productRef = 18B51B752E33383D00203D19 /* AlamofireDynamic */; };
/* End PBXBuildFile section */

/* Begin PBXContainerItemProxy section */
		18B519572E32962C00203D19 /* PBXContainerItemProxy */ = {
			isa = PBXContainerItemProxy;
			containerPortal = 18B519382E32962900203D19 /* Project object */;
			proxyType = 1;
			remoteGlobalIDString = 18B5193F2E32962900203D19;
			remoteInfo = MovieExplorerTask;
		};
		18B519612E32962C00203D19 /* PBXContainerItemProxy */ = {
			isa = PBXContainerItemProxy;
			containerPortal = 18B519382E32962900203D19 /* Project object */;
			proxyType = 1;
			remoteGlobalIDString = 18B5193F2E32962900203D19;
			remoteInfo = MovieExplorerTask;
		};
/* End PBXContainerItemProxy section */

/* Begin PBXFileReference section */
		18B519402E32962900203D19 /* MovieExplorerTask.app */ = {isa = PBXFileReference; explicitFileType = wrapper.application; includeInIndex = 0; path = MovieExplorerTask.app; sourceTree = BUILT_PRODUCTS_DIR; };
		18B519562E32962C00203D19 /* MovieExplorerTaskTests.xctest */ = {isa = PBXFileReference; explicitFileType = wrapper.cfbundle; includeInIndex = 0; path = MovieExplorerTaskTests.xctest; sourceTree = BUILT_PRODUCTS_DIR; };
		18B519602E32962C00203D19 /* MovieExplorerTaskUITests.xctest */ = {isa = PBXFileReference; explicitFileType = wrapper.cfbundle; includeInIndex = 0; path = MovieExplorerTaskUITests.xctest; sourceTree = BUILT_PRODUCTS_DIR; };
/* End PBXFileReference section */

/* Begin PBXFileSystemSynchronizedBuildFileExceptionSet section */
		18B519682E32962C00203D19 /* Exceptions for "MovieExplorerTask" folder in "MovieExplorerTask" target */ = {
			isa = PBXFileSystemSynchronizedBuildFileExceptionSet;
			membershipExceptions = (
				Info.plist,
			);
			target = 18B5193F2E32962900203D19 /* MovieExplorerTask */;
		};
/* End PBXFileSystemSynchronizedBuildFileExceptionSet section */

/* Begin PBXFileSystemSynchronizedRootGroup section */
		18B519422E32962900203D19 /* MovieExplorerTask */ = {
			isa = PBXFileSystemSynchronizedRootGroup;
			exceptions = (
				18B519682E32962C00203D19 /* Exceptions for "MovieExplorerTask" folder in "MovieExplorerTask" target */,
			);
			path = MovieExplorerTask;
			sourceTree = "<group>";
		};
		18B519592E32962C00203D19 /* MovieExplorerTaskTests */ = {
			isa = PBXFileSystemSynchronizedRootGroup;
			path = MovieExplorerTaskTests;
			sourceTree = "<group>";
		};
		18B519632E32962C00203D19 /* MovieExplorerTaskUITests */ = {
			isa = PBXFileSystemSynchronizedRootGroup;
			path = MovieExplorerTaskUITests;
			sourceTree = "<group>";
		};
/* End PBXFileSystemSynchronizedRootGroup section */

/* Begin PBXFrameworksBuildPhase section */
		18B5193D2E32962900203D19 /* Frameworks */ = {
			isa = PBXFrameworksBuildPhase;
			buildActionMask = 2147483647;
			files = (
				18B51B762E33383D00203D19 /* AlamofireDynamic in Frameworks */,
				18B51B742E33383D00203D19 /* Alamofire in Frameworks */,
			);
			runOnlyForDeploymentPostprocessing = 0;
		};
		18B519532E32962C00203D19 /* Frameworks */ = {
			isa = PBXFrameworksBuildPhase;
			buildActionMask = 2147483647;
			files = (
			);
			runOnlyForDeploymentPostprocessing = 0;
		};
		18B5195D2E32962C00203D19 /* Frameworks */ = {
			isa = PBXFrameworksBuildPhase;
			buildActionMask = 2147483647;
			files = (
			);
			runOnlyForDeploymentPostprocessing = 0;
		};
/* End PBXFrameworksBuildPhase section */

/* Begin PBXGroup section */
		18B519372E32962900203D19 = {
			isa = PBXGroup;
			children = (
				18B519422E32962900203D19 /* MovieExplorerTask */,
				18B519592E32962C00203D19 /* MovieExplorerTaskTests */,
				18B519632E32962C00203D19 /* MovieExplorerTaskUITests */,
				18B519412E32962900203D19 /* Products */,
				D25E3CFF1C7F5E13520F3C21 /* Pods */,
			);
			sourceTree = "<group>";
		};
		18B519412E32962900203D19 /* Products */ = {
			isa = PBXGroup;
			children = (
				18B519402E32962900203D19 /* MovieExplorerTask.app */,
				18B519562E32962C00203D19 /* MovieExplorerTaskTests.xctest */,
				18B519602E32962C00203D19 /* MovieExplorerTaskUITests.xctest */,
			);
			name = Products;
			sourceTree = "<group>";
		};
		D25E3CFF1C7F5E13520F3C21 /* Pods */ = {
			isa = PBXGroup;
			children = (
			);
			path = Pods;
			sourceTree = "<group>";
		};
/* End PBXGroup section */

/* Begin PBXNativeTarget section */
		18B5193F2E32962900203D19 /* MovieExplorerTask */ = {
			isa = PBXNativeTarget;
			buildConfigurationList = 18B519692E32962C00203D19 /* Build configuration list for PBXNativeTarget "MovieExplorerTask" */;
			buildPhases = (
				18B5193C2E32962900203D19 /* Sources */,
				18B5193D2E32962900203D19 /* Frameworks */,
				18B5193E2E32962900203D19 /* Resources */,
			);
			buildRules = (
			);
			dependencies = (
			);
			fileSystemSynchronizedGroups = (
				18B519422E32962900203D19 /* MovieExplorerTask */,
			);
			name = MovieExplorerTask;
			productName = MovieExplorerTask;
			productReference = 18B519402E32962900203D19 /* MovieExplorerTask.app */;
			productType = "com.apple.product-type.application";
		};
		18B519552E32962C00203D19 /* MovieExplorerTaskTests */ = {
			isa = PBXNativeTarget;
			buildConfigurationList = 18B5196E2E32962C00203D19 /* Build configuration list for PBXNativeTarget "MovieExplorerTaskTests" */;
			buildPhases = (
				18B519522E32962C00203D19 /* Sources */,
				18B519532E32962C00203D19 /* Frameworks */,
				18B519542E32962C00203D19 /* Resources */,
			);
			buildRules = (
			);
			dependencies = (
				18B519582E32962C00203D19 /* PBXTargetDependency */,
			);
			fileSystemSynchronizedGroups = (
				18B519592E32962C00203D19 /* MovieExplorerTaskTests */,
			);
			name = MovieExplorerTaskTests;
			productName = MovieExplorerTaskTests;
			productReference = 18B519562E32962C00203D19 /* MovieExplorerTaskTests.xctest */;
			productType = "com.apple.product-type.bundle.unit-test";
		};
		18B5195F2E32962C00203D19 /* MovieExplorerTaskUITests */ = {
			isa = PBXNativeTarget;
			buildConfigurationList = 18B519712E32962C00203D19 /* Build configuration list for PBXNativeTarget "MovieExplorerTaskUITests" */;
			buildPhases = (
				18B5195C2E32962C00203D19 /* Sources */,
				18B5195D2E32962C00203D19 /* Frameworks */,
				18B5195E2E32962C00203D19 /* Resources */,
			);
			buildRules = (
			);
			dependencies = (
				18B519622E32962C00203D19 /* PBXTargetDependency */,
			);
			fileSystemSynchronizedGroups = (
				18B519632E32962C00203D19 /* MovieExplorerTaskUITests */,
			);
			name = MovieExplorerTaskUITests;
			productName = MovieExplorerTaskUITests;
			productReference = 18B519602E32962C00203D19 /* MovieExplorerTaskUITests.xctest */;
			productType = "com.apple.product-type.bundle.ui-testing";
		};
/* End PBXNativeTarget section */

/* Begin PBXProject section */
		18B519382E32962900203D19 /* Project object */ = {
			isa = PBXProject;
			attributes = {
				BuildIndependentTargetsInParallel = 1;
				LastSwiftUpdateCheck = 1600;
				LastUpgradeCheck = 1600;
				TargetAttributes = {
					18B5193F2E32962900203D19 = {
						CreatedOnToolsVersion = 16.0;
					};
					18B519552E32962C00203D19 = {
						CreatedOnToolsVersion = 16.0;
						TestTargetID = 18B5193F2E32962900203D19;
					};
					18B5195F2E32962C00203D19 = {
						CreatedOnToolsVersion = 16.0;
						TestTargetID = 18B5193F2E32962900203D19;
					};
				};
			};
			buildConfigurationList = 18B5193B2E32962900203D19 /* Build configuration list for PBXProject "MovieExplorerTask" */;
			developmentRegion = en;
			hasScannedForEncodings = 0;
			knownRegions = (
				en,
				Base,
			);
			mainGroup = 18B519372E32962900203D19;
			minimizedProjectReferenceProxies = 1;
			packageReferences = (
				18B51B722E33383D00203D19 /* XCRemoteSwiftPackageReference "Alamofire" */,
				18B51BF52E333A4600203D19 /* XCRemoteSwiftPackageReference "realm-swift" */,
			);
			preferredProjectObjectVersion = 77;
			productRefGroup = 18B519412E32962900203D19 /* Products */;
			projectDirPath = "";
			projectRoot = "";
			targets = (
				18B5193F2E32962900203D19 /* MovieExplorerTask */,
				18B519552E32962C00203D19 /* MovieExplorerTaskTests */,
				18B5195F2E32962C00203D19 /* MovieExplorerTaskUITests */,
			);
		};
/* End PBXProject section */

/* Begin PBXResourcesBuildPhase section */
		18B5193E2E32962900203D19 /* Resources */ = {
			isa = PBXResourcesBuildPhase;
			buildActionMask = 2147483647;
			files = (
			);
			runOnlyForDeploymentPostprocessing = 0;
		};
		18B519542E32962C00203D19 /* Resources */ = {
			isa = PBXResourcesBuildPhase;
			buildActionMask = 2147483647;
			files = (
			);
			runOnlyForDeploymentPostprocessing = 0;
		};
		18B5195E2E32962C00203D19 /* Resources */ = {
			isa = PBXResourcesBuildPhase;
			buildActionMask = 2147483647;
			files = (
			);
			runOnlyForDeploymentPostprocessing = 0;
		};
/* End PBXResourcesBuildPhase section */

/* Begin PBXSourcesBuildPhase section */
		18B5193C2E32962900203D19 /* Sources */ = {
			isa = PBXSourcesBuildPhase;
			buildActionMask = 2147483647;
			files = (
			);
			runOnlyForDeploymentPostprocessing = 0;
		};
		18B519522E32962C00203D19 /* Sources */ = {
			isa = PBXSourcesBuildPhase;
			buildActionMask = 2147483647;
			files = (
			);
			runOnlyForDeploymentPostprocessing = 0;
		};
		18B5195C2E32962C00203D19 /* Sources */ = {
			isa = PBXSourcesBuildPhase;
			buildActionMask = 2147483647;
			files = (
			);
			runOnlyForDeploymentPostprocessing = 0;
		};
/* End PBXSourcesBuildPhase section */

/* Begin PBXTargetDependency section */
		18B519582E32962C00203D19 /* PBXTargetDependency */ = {
			isa = PBXTargetDependency;
			target = 18B5193F2E32962900203D19 /* MovieExplorerTask */;
			targetProxy = 18B519572E32962C00203D19 /* PBXContainerItemProxy */;
		};
		18B519622E32962C00203D19 /* PBXTargetDependency */ = {
			isa = PBXTargetDependency;
			target = 18B5193F2E32962900203D19 /* MovieExplorerTask */;
			targetProxy = 18B519612E32962C00203D19 /* PBXContainerItemProxy */;
		};
/* End PBXTargetDependency section */

/* Begin XCBuildConfiguration section */
		18B5196A2E32962C00203D19 /* Debug */ = {
			isa = XCBuildConfiguration;
			buildSettings = {
				ASSETCATALOG_COMPILER_APPICON_NAME = AppIcon;
				ASSETCATALOG_COMPILER_GLOBAL_ACCENT_COLOR_NAME = AccentColor;
				CODE_SIGN_STYLE = Automatic;
				CURRENT_PROJECT_VERSION = 1;
				DEVELOPMENT_TEAM = DQ2CBK9LYB;
				ENABLE_USER_SCRIPT_SANDBOXING = NO;
				GENERATE_INFOPLIST_FILE = YES;
				INFOPLIST_FILE = MovieExplorerTask/Info.plist;
				INFOPLIST_KEY_UIApplicationSupportsIndirectInputEvents = YES;
				INFOPLIST_KEY_UILaunchStoryboardName = LaunchScreen;
				INFOPLIST_KEY_UIMainStoryboardFile = "";
				INFOPLIST_KEY_UISupportedInterfaceOrientations_iPad = "UIInterfaceOrientationPortrait UIInterfaceOrientationPortraitUpsideDown UIInterfaceOrientationLandscapeLeft UIInterfaceOrientationLandscapeRight";
				INFOPLIST_KEY_UISupportedInterfaceOrientations_iPhone = "UIInterfaceOrientationPortrait UIInterfaceOrientationLandscapeLeft UIInterfaceOrientationLandscapeRight";
				LD_RUNPATH_SEARCH_PATHS = (
					"$(inherited)",
					"@executable_path/Frameworks",
				);
				MARKETING_VERSION = 1.0;
				PRODUCT_BUNDLE_IDENTIFIER = project.MovieExplorerTask;
				PRODUCT_NAME = "$(TARGET_NAME)";
				SWIFT_EMIT_LOC_STRINGS = YES;
				SWIFT_VERSION = 5.0;
				TARGETED_DEVICE_FAMILY = "1,2";
			};
			name = Debug;
		};
		18B5196B2E32962C00203D19 /* Release */ = {
			isa = XCBuildConfiguration;
			buildSettings = {
				ASSETCATALOG_COMPILER_APPICON_NAME = AppIcon;
				ASSETCATALOG_COMPILER_GLOBAL_ACCENT_COLOR_NAME = AccentColor;
				CODE_SIGN_STYLE = Automatic;
				CURRENT_PROJECT_VERSION = 1;
				DEVELOPMENT_TEAM = DQ2CBK9LYB;
				ENABLE_USER_SCRIPT_SANDBOXING = NO;
				GENERATE_INFOPLIST_FILE = YES;
				INFOPLIST_FILE = MovieExplorerTask/Info.plist;
				INFOPLIST_KEY_UIApplicationSupportsIndirectInputEvents = YES;
				INFOPLIST_KEY_UILaunchStoryboardName = LaunchScreen;
				INFOPLIST_KEY_UIMainStoryboardFile = "";
				INFOPLIST_KEY_UISupportedInterfaceOrientations_iPad = "UIInterfaceOrientationPortrait UIInterfaceOrientationPortraitUpsideDown UIInterfaceOrientationLandscapeLeft UIInterfaceOrientationLandscapeRight";
				INFOPLIST_KEY_UISupportedInterfaceOrientations_iPhone = "UIInterfaceOrientationPortrait UIInterfaceOrientationLandscapeLeft UIInterfaceOrientationLandscapeRight";
				LD_RUNPATH_SEARCH_PATHS = (
					"$(inherited)",
					"@executable_path/Frameworks",
				);
				MARKETING_VERSION = 1.0;
				PRODUCT_BUNDLE_IDENTIFIER = project.MovieExplorerTask;
				PRODUCT_NAME = "$(TARGET_NAME)";
				SWIFT_EMIT_LOC_STRINGS = YES;
				SWIFT_VERSION = 5.0;
				TARGETED_DEVICE_FAMILY = "1,2";
			};
			name = Release;
		};
		18B5196C2E32962C00203D19 /* Debug */ = {
			isa = XCBuildConfiguration;
			buildSettings = {
				ALWAYS_SEARCH_USER_PATHS = NO;
				ASSETCATALOG_COMPILER_GENERATE_SWIFT_ASSET_SYMBOL_EXTENSIONS = YES;
				CLANG_ANALYZER_NONNULL = YES;
				CLANG_ANALYZER_NUMBER_OBJECT_CONVERSION = YES_AGGRESSIVE;
				CLANG_CXX_LANGUAGE_STANDARD = "gnu++20";
				CLANG_ENABLE_MODULES = YES;
				CLANG_ENABLE_OBJC_ARC = YES;
				CLANG_ENABLE_OBJC_WEAK = YES;
				CLANG_WARN_BLOCK_CAPTURE_AUTORELEASING = YES;
				CLANG_WARN_BOOL_CONVERSION = YES;
				CLANG_WARN_COMMA = YES;
				CLANG_WARN_CONSTANT_CONVERSION = YES;
				CLANG_WARN_DEPRECATED_OBJC_IMPLEMENTATIONS = YES;
				CLANG_WARN_DIRECT_OBJC_ISA_USAGE = YES_ERROR;
				CLANG_WARN_DOCUMENTATION_COMMENTS = YES;
				CLANG_WARN_EMPTY_BODY = YES;
				CLANG_WARN_ENUM_CONVERSION = YES;
				CLANG_WARN_INFINITE_RECURSION = YES;
				CLANG_WARN_INT_CONVERSION = YES;
				CLANG_WARN_NON_LITERAL_NULL_CONVERSION = YES;
				CLANG_WARN_OBJC_IMPLICIT_RETAIN_SELF = YES;
				CLANG_WARN_OBJC_LITERAL_CONVERSION = YES;
				CLANG_WARN_OBJC_ROOT_CLASS = YES_ERROR;
				CLANG_WARN_QUOTED_INCLUDE_IN_FRAMEWORK_HEADER = YES;
				CLANG_WARN_RANGE_LOOP_ANALYSIS = YES;
				CLANG_WARN_STRICT_PROTOTYPES = YES;
				CLANG_WARN_SUSPICIOUS_MOVE = YES;
				CLANG_WARN_UNGUARDED_AVAILABILITY = YES_AGGRESSIVE;
				CLANG_WARN_UNREACHABLE_CODE = YES;
				CLANG_WARN__DUPLICATE_METHOD_MATCH = YES;
				COPY_PHASE_STRIP = NO;
				DEBUG_INFORMATION_FORMAT = dwarf;
				DEFINES_MODULE = YES;
				ENABLE_STRICT_OBJC_MSGSEND = YES;
				ENABLE_TESTABILITY = YES;
				ENABLE_USER_SCRIPT_SANDBOXING = YES;
				GCC_C_LANGUAGE_STANDARD = gnu17;
				GCC_DYNAMIC_NO_PIC = NO;
				GCC_NO_COMMON_BLOCKS = YES;
				GCC_OPTIMIZATION_LEVEL = 0;
				GCC_PREPROCESSOR_DEFINITIONS = (
					"DEBUG=1",
					"$(inherited)",
				);
				GCC_WARN_64_TO_32_BIT_CONVERSION = YES;
				GCC_WARN_ABOUT_RETURN_TYPE = YES_ERROR;
				GCC_WARN_UNDECLARED_SELECTOR = YES;
				GCC_WARN_UNINITIALIZED_AUTOS = YES_AGGRESSIVE;
				GCC_WARN_UNUSED_FUNCTION = YES;
				GCC_WARN_UNUSED_VARIABLE = YES;
				IPHONEOS_DEPLOYMENT_TARGET = 18.0;
				LOCALIZATION_PREFERS_STRING_CATALOGS = YES;
				MTL_ENABLE_DEBUG_INFO = INCLUDE_SOURCE;
				MTL_FAST_MATH = YES;
				ONLY_ACTIVE_ARCH = YES;
				SDKROOT = iphoneos;
				SWIFT_ACTIVE_COMPILATION_CONDITIONS = "DEBUG $(inherited)";
				SWIFT_OPTIMIZATION_LEVEL = "-Onone";
			};
			name = Debug;
		};
		18B5196D2E32962C00203D19 /* Release */ = {
			isa = XCBuildConfiguration;
			buildSettings = {
				ALWAYS_SEARCH_USER_PATHS = NO;
				ASSETCATALOG_COMPILER_GENERATE_SWIFT_ASSET_SYMBOL_EXTENSIONS = YES;
				CLANG_ANALYZER_NONNULL = YES;
				CLANG_ANALYZER_NUMBER_OBJECT_CONVERSION = YES_AGGRESSIVE;
				CLANG_CXX_LANGUAGE_STANDARD = "gnu++20";
				CLANG_ENABLE_MODULES = YES;
				CLANG_ENABLE_OBJC_ARC = YES;
				CLANG_ENABLE_OBJC_WEAK = YES;
				CLANG_WARN_BLOCK_CAPTURE_AUTORELEASING = YES;
				CLANG_WARN_BOOL_CONVERSION = YES;
				CLANG_WARN_COMMA = YES;
				CLANG_WARN_CONSTANT_CONVERSION = YES;
				CLANG_WARN_DEPRECATED_OBJC_IMPLEMENTATIONS = YES;
				CLANG_WARN_DIRECT_OBJC_ISA_USAGE = YES_ERROR;
				CLANG_WARN_DOCUMENTATION_COMMENTS = YES;
				CLANG_WARN_EMPTY_BODY = YES;
				CLANG_WARN_ENUM_CONVERSION = YES;
				CLANG_WARN_INFINITE_RECURSION = YES;
				CLANG_WARN_INT_CONVERSION = YES;
				CLANG_WARN_NON_LITERAL_NULL_CONVERSION = YES;
				CLANG_WARN_OBJC_IMPLICIT_RETAIN_SELF = YES;
				CLANG_WARN_OBJC_LITERAL_CONVERSION = YES;
				CLANG_WARN_OBJC_ROOT_CLASS = YES_ERROR;
				CLANG_WARN_QUOTED_INCLUDE_IN_FRAMEWORK_HEADER = YES;
				CLANG_WARN_RANGE_LOOP_ANALYSIS = YES;
				CLANG_WARN_STRICT_PROTOTYPES = YES;
				CLANG_WARN_SUSPICIOUS_MOVE = YES;
				CLANG_WARN_UNGUARDED_AVAILABILITY = YES_AGGRESSIVE;
				CLANG_WARN_UNREACHABLE_CODE = YES;
				CLANG_WARN__DUPLICATE_METHOD_MATCH = YES;
				COPY_PHASE_STRIP = NO;
				DEBUG_INFORMATION_FORMAT = "dwarf-with-dsym";
				DEFINES_MODULE = YES;
				ENABLE_NS_ASSERTIONS = NO;
				ENABLE_STRICT_OBJC_MSGSEND = YES;
				ENABLE_USER_SCRIPT_SANDBOXING = YES;
				GCC_C_LANGUAGE_STANDARD = gnu17;
				GCC_NO_COMMON_BLOCKS = YES;
				GCC_WARN_64_TO_32_BIT_CONVERSION = YES;
				GCC_WARN_ABOUT_RETURN_TYPE = YES_ERROR;
				GCC_WARN_UNDECLARED_SELECTOR = YES;
				GCC_WARN_UNINITIALIZED_AUTOS = YES_AGGRESSIVE;
				GCC_WARN_UNUSED_FUNCTION = YES;
				GCC_WARN_UNUSED_VARIABLE = YES;
				IPHONEOS_DEPLOYMENT_TARGET = 18.0;
				LOCALIZATION_PREFERS_STRING_CATALOGS = YES;
				MTL_ENABLE_DEBUG_INFO = NO;
				MTL_FAST_MATH = YES;
				SDKROOT = iphoneos;
				SWIFT_COMPILATION_MODE = wholemodule;
				VALIDATE_PRODUCT = YES;
			};
			name = Release;
		};
		18B5196F2E32962C00203D19 /* Debug */ = {
			isa = XCBuildConfiguration;
			buildSettings = {
				BUNDLE_LOADER = "$(TEST_HOST)";
				CODE_SIGN_STYLE = Automatic;
				CURRENT_PROJECT_VERSION = 1;
				DEVELOPMENT_TEAM = DQ2CBK9LYB;
				GENERATE_INFOPLIST_FILE = YES;
				IPHONEOS_DEPLOYMENT_TARGET = 18.0;
				MARKETING_VERSION = 1.0;
				PRODUCT_BUNDLE_IDENTIFIER = project.MovieExplorerTaskTests;
				PRODUCT_NAME = "$(TARGET_NAME)";
				SWIFT_EMIT_LOC_STRINGS = NO;
				SWIFT_VERSION = 5.0;
				TARGETED_DEVICE_FAMILY = "1,2";
				TEST_HOST = "$(BUILT_PRODUCTS_DIR)/MovieExplorerTask.app/$(BUNDLE_EXECUTABLE_FOLDER_PATH)/MovieExplorerTask";
			};
			name = Debug;
		};
		18B519702E32962C00203D19 /* Release */ = {
			isa = XCBuildConfiguration;
			buildSettings = {
				BUNDLE_LOADER = "$(TEST_HOST)";
				CODE_SIGN_STYLE = Automatic;
				CURRENT_PROJECT_VERSION = 1;
				DEVELOPMENT_TEAM = DQ2CBK9LYB;
				GENERATE_INFOPLIST_FILE = YES;
				IPHONEOS_DEPLOYMENT_TARGET = 18.0;
				MARKETING_VERSION = 1.0;
				PRODUCT_BUNDLE_IDENTIFIER = project.MovieExplorerTaskTests;
				PRODUCT_NAME = "$(TARGET_NAME)";
				SWIFT_EMIT_LOC_STRINGS = NO;
				SWIFT_VERSION = 5.0;
				TARGETED_DEVICE_FAMILY = "1,2";
				TEST_HOST = "$(BUILT_PRODUCTS_DIR)/MovieExplorerTask.app/$(BUNDLE_EXECUTABLE_FOLDER_PATH)/MovieExplorerTask";
			};
			name = Release;
		};
		18B519722E32962C00203D19 /* Debug */ = {
			isa = XCBuildConfiguration;
			buildSettings = {
				CODE_SIGN_STYLE = Automatic;
				CURRENT_PROJECT_VERSION = 1;
				DEVELOPMENT_TEAM = DQ2CBK9LYB;
				GENERATE_INFOPLIST_FILE = YES;
				MARKETING_VERSION = 1.0;
				PRODUCT_BUNDLE_IDENTIFIER = project.MovieExplorerTaskUITests;
				PRODUCT_NAME = "$(TARGET_NAME)";
				SWIFT_EMIT_LOC_STRINGS = NO;
				SWIFT_VERSION = 5.0;
				TARGETED_DEVICE_FAMILY = "1,2";
				TEST_TARGET_NAME = MovieExplorerTask;
			};
			name = Debug;
		};
		18B519732E32962C00203D19 /* Release */ = {
			isa = XCBuildConfiguration;
			buildSettings = {
				CODE_SIGN_STYLE = Automatic;
				CURRENT_PROJECT_VERSION = 1;
				DEVELOPMENT_TEAM = DQ2CBK9LYB;
				GENERATE_INFOPLIST_FILE = YES;
				MARKETING_VERSION = 1.0;
				PRODUCT_BUNDLE_IDENTIFIER = project.MovieExplorerTaskUITests;
				PRODUCT_NAME = "$(TARGET_NAME)";
				SWIFT_EMIT_LOC_STRINGS = NO;
				SWIFT_VERSION = 5.0;
				TARGETED_DEVICE_FAMILY = "1,2";
				TEST_TARGET_NAME = MovieExplorerTask;
			};
			name = Release;
		};
/* End XCBuildConfiguration section */

/* Begin XCConfigurationList section */
		18B5193B2E32962900203D19 /* Build configuration list for PBXProject "MovieExplorerTask" */ = {
			isa = XCConfigurationList;
			buildConfigurations = (
				18B5196C2E32962C00203D19 /* Debug */,
				18B5196D2E32962C00203D19 /* Release */,
			);
			defaultConfigurationIsVisible = 0;
			defaultConfigurationName = Release;
		};
		18B519692E32962C00203D19 /* Build configuration list for PBXNativeTarget "MovieExplorerTask" */ = {
			isa = XCConfigurationList;
			buildConfigurations = (
				18B5196A2E32962C00203D19 /* Debug */,
				18B5196B2E32962C00203D19 /* Release */,
			);
			defaultConfigurationIsVisible = 0;
			defaultConfigurationName = Release;
		};
		18B5196E2E32962C00203D19 /* Build configuration list for PBXNativeTarget "MovieExplorerTaskTests" */ = {
			isa = XCConfigurationList;
			buildConfigurations = (
				18B5196F2E32962C00203D19 /* Debug */,
				18B519702E32962C00203D19 /* Release */,
			);
			defaultConfigurationIsVisible = 0;
			defaultConfigurationName = Release;
		};
		18B519712E32962C00203D19 /* Build configuration list for PBXNativeTarget "MovieExplorerTaskUITests" */ = {
			isa = XCConfigurationList;
			buildConfigurations = (
				18B519722E32962C00203D19 /* Debug */,
				18B519732E32962C00203D19 /* Release */,
			);
			defaultConfigurationIsVisible = 0;
			defaultConfigurationName = Release;
		};
/* End XCConfigurationList section */

/* Begin XCRemoteSwiftPackageReference section */
		18B51B722E33383D00203D19 /* XCRemoteSwiftPackageReference "Alamofire" */ = {
			isa = XCRemoteSwiftPackageReference;
			repositoryURL = "https://github.com/Alamofire/Alamofire.git";
			requirement = {
				kind = upToNextMajorVersion;
				minimumVersion = 5.10.2;
			};
		};
		18B51BF52E333A4600203D19 /* XCRemoteSwiftPackageReference "realm-swift" */ = {
			isa = XCRemoteSwiftPackageReference;
			repositoryURL = "https://github.com/realm/realm-swift.git";
			requirement = {
				kind = upToNextMajorVersion;
				minimumVersion = 1.0.0;
			};
		};
/* End XCRemoteSwiftPackageReference section */

/* Begin XCSwiftPackageProductDependency section */
		18B51B732E33383D00203D19 /* Alamofire */ = {
			isa = XCSwiftPackageProductDependency;
			package = 18B51B722E33383D00203D19 /* XCRemoteSwiftPackageReference "Alamofire" */;
			productName = Alamofire;
		};
		18B51B752E33383D00203D19 /* AlamofireDynamic */ = {
			isa = XCSwiftPackageProductDependency;
			package = 18B51B722E33383D00203D19 /* XCRemoteSwiftPackageReference "Alamofire" */;
			productName = AlamofireDynamic;
		};
/* End XCSwiftPackageProductDependency section */
	};
	rootObject = 18B519382E32962900203D19 /* Project object */;
}
